
Microsoft Visual Studio Solution File, Format Version 12.00
# Visual Studio Version 17
VisualStudioVersion = 17.7.34024.191
MinimumVisualStudioVersion = 10.0.40219.1
Project("{FAE04EC0-301F-11D3-BF4B-00C04F79EFBC}") = "Exemplul01", "Exemplul01\Exemplul01.csproj", "{9BF538CC-21F3-42D0-BDBD-E6E3C810BC28}"
EndProject
Project("{FAE04EC0-301F-11D3-BF4B-00C04F79EFBC}") = "AppMatrice", "AppMatrice\AppMatrice.csproj", "{6D2B9049-8CC8-4059-9649-D86D476012C2}"
EndProject
Global
	GlobalSection(SolutionConfigurationPlatforms) = preSolution
		Debug|Any CPU = Debug|Any CPU
		Release|Any CPU = Release|Any CPU
	EndGlobalSection
	GlobalSection(ProjectConfigurationPlatforms) = postSolution
		{9BF538CC-21F3-42D0-BDBD-E6E3C810BC28}.Debug|Any CPU.ActiveCfg = Debug|Any CPU
		{9BF538CC-21F3-42D0-BDBD-E6E3C810BC28}.Debug|Any CPU.Build.0 = Debug|Any CPU
		{9BF538CC-21F3-42D0-BDBD-E6E3C810BC28}.Release|Any CPU.ActiveCfg = Release|Any CPU
		{9BF538CC-21F3-42D0-BDBD-E6E3C810BC28}.Release|Any CPU.Build.0 = Release|Any CPU
		{6D2B9049-8CC8-4059-9649-D86D476012C2}.Debug|Any CPU.ActiveCfg = Debug|Any CPU
		{6D2B9049-8CC8-4059-9649-D86D476012C2}.Debug|Any CPU.Build.0 = Debug|Any CPU
		{6D2B9049-8CC8-4059-9649-D86D476012C2}.Release|Any CPU.ActiveCfg = Release|Any CPU
		{6D2B9049-8CC8-4059-9649-D86D476012C2}.Release|Any CPU.Build.0 = Release|Any CPU
	EndGlobalSection
	GlobalSection(SolutionProperties) = preSolution
		HideSolutionNode = FALSE
	EndGlobalSection
	GlobalSection(ExtensibilityGlobals) = postSolution
		SolutionGuid = {9DBE80E6-3381-4BEC-89CE-F611957BB832}
	EndGlobalSection
EndGlobal
